
Microsoft Visual Studio Solution File, Format Version 12.00
# Visual Studio Version 16
VisualStudioVersion = 16.0.31727.386
MinimumVisualStudioVersion = 10.0.40219.1
Project("{FAE04EC0-301F-11D3-BF4B-00C04F79EFBC}") = "PracticeCheck", "PracticeCheck\PracticeCheck.csproj", "{F0C7192D-8E3A-419D-8F74-78A0926852C1}"
EndProject
Global
	GlobalSection(SolutionConfigurationPlatforms) = preSolution
		Debug|Any CPU = Debug|Any CPU
		Release|Any CPU = Release|Any CPU
	EndGlobalSection
	GlobalSection(ProjectConfigurationPlatforms) = postSolution
		{F0C7192D-8E3A-419D-8F74-78A0926852C1}.Debug|Any CPU.ActiveCfg = Debug|Any CPU
		{F0C7192D-8E3A-419D-8F74-78A0926852C1}.Debug|Any CPU.Build.0 = Debug|Any CPU
		{F0C7192D-8E3A-419D-8F74-78A0926852C1}.Release|Any CPU.ActiveCfg = Release|Any CPU
		{F0C7192D-8E3A-419D-8F74-78A0926852C1}.Release|Any CPU.Build.0 = Release|Any CPU
	EndGlobalSection
	GlobalSection(SolutionProperties) = preSolution
		HideSolutionNode = FALSE
	EndGlobalSection
	GlobalSection(ExtensibilityGlobals) = postSolution
		SolutionGuid = {62F8585E-003F-4FCB-B8FA-9023F5FA2895}
	EndGlobalSection
EndGlobal
